
Microsoft Visual Studio Solution File, Format Version 12.00
# Visual Studio Version 17
VisualStudioVersion = 17.5.33502.453
MinimumVisualStudioVersion = 10.0.40219.1
Project("{FAE04EC0-301F-11D3-BF4B-00C04F79EFBC}") = "Delegates3", "Delegates3.csproj", "{FC458F35-3D31-46E9-AF8F-E6A7115C6FFC}"
EndProject
Global
	GlobalSection(SolutionConfigurationPlatforms) = preSolution
		Debug|Any CPU = Debug|Any CPU
		Release|Any CPU = Release|Any CPU
	EndGlobalSection
	GlobalSection(ProjectConfigurationPlatforms) = postSolution
		{FC458F35-3D31-46E9-AF8F-E6A7115C6FFC}.Debug|Any CPU.ActiveCfg = Debug|Any CPU
		{FC458F35-3D31-46E9-AF8F-E6A7115C6FFC}.Debug|Any CPU.Build.0 = Debug|Any CPU
		{FC458F35-3D31-46E9-AF8F-E6A7115C6FFC}.Release|Any CPU.ActiveCfg = Release|Any CPU
		{FC458F35-3D31-46E9-AF8F-E6A7115C6FFC}.Release|Any CPU.Build.0 = Release|Any CPU
	EndGlobalSection
	GlobalSection(SolutionProperties) = preSolution
		HideSolutionNode = FALSE
	EndGlobalSection
	GlobalSection(ExtensibilityGlobals) = postSolution
		SolutionGuid = {259D6F51-7F79-4B2E-90FC-DD53B52C9C3D}
	EndGlobalSection
EndGlobal
